
Microsoft Visual Studio Solution File, Format Version 12.00
# Visual Studio 15
VisualStudioVersion = 15.0.28307.489
MinimumVisualStudioVersion = 10.0.40219.1
Project("{FAE04EC0-301F-11D3-BF4B-00C04F79EFBC}") = "Vidly", "Vidly\Vidly.csproj", "{3518BE7B-BF1A-456A-B2D1-AC87188BFD5C}"
EndProject
Global
	GlobalSection(SolutionConfigurationPlatforms) = preSolution
		Debug|Any CPU = Debug|Any CPU
		Release|Any CPU = Release|Any CPU
	EndGlobalSection
	GlobalSection(ProjectConfigurationPlatforms) = postSolution
		{3518BE7B-BF1A-456A-B2D1-AC87188BFD5C}.Debug|Any CPU.ActiveCfg = Debug|Any CPU
		{3518BE7B-BF1A-456A-B2D1-AC87188BFD5C}.Debug|Any CPU.Build.0 = Debug|Any CPU
		{3518BE7B-BF1A-456A-B2D1-AC87188BFD5C}.Release|Any CPU.ActiveCfg = Release|Any CPU
		{3518BE7B-BF1A-456A-B2D1-AC87188BFD5C}.Release|Any CPU.Build.0 = Release|Any CPU
	EndGlobalSection
	GlobalSection(SolutionProperties) = preSolution
		HideSolutionNode = FALSE
	EndGlobalSection
	GlobalSection(ExtensibilityGlobals) = postSolution
		SolutionGuid = {70DC1178-66EB-4DF7-8D61-359E602C8E98}
	EndGlobalSection
EndGlobal
